# This file is autogenerated by pip-compile from pyproject.toml
# Do not edit manually. Regenerate with:
#   pip-compile pyproject.toml -o requirements.lock
#
annotated-doc==0.0.4
    # via typer
click==8.3.1
    # via typer
markdown-it-py==4.0.0
    # via rich
mdurl==0.1.2
    # via markdown-it-py
pygments==2.19.2
    # via rich
rich==13.9.4
    # via
    #   typer
    #   video-transcriber (tools/video-transcriber/pyproject.toml)
shellingham==1.5.4
    # via typer
typer[all]==0.24.0
    # via video-transcriber (tools/video-transcriber/pyproject.toml)
yt-dlp==2026.2.4
    # via video-transcriber (tools/video-transcriber/pyproject.toml)
